// !$*UTF8*$!
{
	archiveVersion = 1;
	classes = {
	};
	objectVersion = 55;
	objects = {

/* Begin PBXBuildFile section */
		720AE7FD276E605200D512F7 /* NexaBlack.otf in Resources */ = {isa = PBXBuildFile; fileRef = 727647EC27620B2F004EB186 /* NexaBlack.otf */; };
		720AE7FE276E605200D512F7 /* NexaBold.otf in Resources */ = {isa = PBXBuildFile; fileRef = 727647EA27620B2F004EB186 /* NexaBold.otf */; };
		720AE7FF276E605200D512F7 /* NexaBook.otf in Resources */ = {isa = PBXBuildFile; fileRef = 727647ED27620B2F004EB186 /* NexaBook.otf */; };
		720AE800276E605200D512F7 /* NexaLight.otf in Resources */ = {isa = PBXBuildFile; fileRef = 727647E927620B2F004EB186 /* NexaLight.otf */; };
		720AE801276E605200D512F7 /* NexaRegular.otf in Resources */ = {isa = PBXBuildFile; fileRef = 727647EE27620B2F004EB186 /* NexaRegular.otf */; };
		720AE802276E605200D512F7 /* NexaThin.otf in Resources */ = {isa = PBXBuildFile; fileRef = 727647EF27620B2F004EB186 /* NexaThin.otf */; };
		720AE803276E605200D512F7 /* NexaXBold.otf in Resources */ = {isa = PBXBuildFile; fileRef = 727647EB27620B2F004EB186 /* NexaXBold.otf */; };
		72576E052768D9AE00DDFD4A /* User.swift in Sources */ = {isa = PBXBuildFile; fileRef = 72576E042768D9AE00DDFD4A /* User.swift */; };
		72576E07276A17E200DDFD4A /* GamePage.swift in Sources */ = {isa = PBXBuildFile; fileRef = 72576E06276A17E200DDFD4A /* GamePage.swift */; };
		72576E09276A194F00DDFD4A /* GameConfig.swift in Sources */ = {isa = PBXBuildFile; fileRef = 72576E08276A194F00DDFD4A /* GameConfig.swift */; };
		72576E0B276A24F100DDFD4A /* CButton.swift in Sources */ = {isa = PBXBuildFile; fileRef = 72576E0A276A24F100DDFD4A /* CButton.swift */; };
		7271776F27626718007AAC4E /* PageHeader.swift in Sources */ = {isa = PBXBuildFile; fileRef = 7271776E27626718007AAC4E /* PageHeader.swift */; };
		7271777127628378007AAC4E /* DailyChallenge.swift in Sources */ = {isa = PBXBuildFile; fileRef = 7271777027628378007AAC4E /* DailyChallenge.swift */; };
		727647DB2762080E004EB186 /* AR_pictionaryApp.swift in Sources */ = {isa = PBXBuildFile; fileRef = 727647DA2762080E004EB186 /* AR_pictionaryApp.swift */; };
		727647DD2762080E004EB186 /* ContentView.swift in Sources */ = {isa = PBXBuildFile; fileRef = 727647DC2762080E004EB186 /* ContentView.swift */; };
		727647DF27620810004EB186 /* Assets.xcassets in Resources */ = {isa = PBXBuildFile; fileRef = 727647DE27620810004EB186 /* Assets.xcassets */; };
		727647E227620810004EB186 /* Preview Assets.xcassets in Resources */ = {isa = PBXBuildFile; fileRef = 727647E127620810004EB186 /* Preview Assets.xcassets */; };
		727647F3276231C7004EB186 /* HomePage.swift in Sources */ = {isa = PBXBuildFile; fileRef = 727647F2276231C7004EB186 /* HomePage.swift */; };
		727647F527623360004EB186 /* PowerupPage.swift in Sources */ = {isa = PBXBuildFile; fileRef = 727647F427623360004EB186 /* PowerupPage.swift */; };
		727647F7276233C1004EB186 /* AccountPage.swift in Sources */ = {isa = PBXBuildFile; fileRef = 727647F6276233C1004EB186 /* AccountPage.swift */; };
		72D0A62F276665AD00301544 /* CText.swift in Sources */ = {isa = PBXBuildFile; fileRef = 72D0A62E276665AD00301544 /* CText.swift */; };
		72D0A63127666CD000301544 /* BackgroundGradient.swift in Sources */ = {isa = PBXBuildFile; fileRef = 72D0A63027666CD000301544 /* BackgroundGradient.swift */; };
		72D0A63327666E4F00301544 /* PowerupBuyCard.swift in Sources */ = {isa = PBXBuildFile; fileRef = 72D0A63227666E4F00301544 /* PowerupBuyCard.swift */; };
		72D0A63627668F7700301544 /* Powerup.swift in Sources */ = {isa = PBXBuildFile; fileRef = 72D0A63527668F7700301544 /* Powerup.swift */; };
/* End PBXBuildFile section */

/* Begin PBXFileReference section */
		72576E042768D9AE00DDFD4A /* User.swift */ = {isa = PBXFileReference; lastKnownFileType = sourcecode.swift; path = User.swift; sourceTree = "<group>"; };
		72576E06276A17E200DDFD4A /* GamePage.swift */ = {isa = PBXFileReference; lastKnownFileType = sourcecode.swift; path = GamePage.swift; sourceTree = "<group>"; };
		72576E08276A194F00DDFD4A /* GameConfig.swift */ = {isa = PBXFileReference; lastKnownFileType = sourcecode.swift; path = GameConfig.swift; sourceTree = "<group>"; };
		72576E0A276A24F100DDFD4A /* CButton.swift */ = {isa = PBXFileReference; lastKnownFileType = sourcecode.swift; path = CButton.swift; sourceTree = "<group>"; };
		7271776E27626718007AAC4E /* PageHeader.swift */ = {isa = PBXFileReference; lastKnownFileType = sourcecode.swift; path = PageHeader.swift; sourceTree = "<group>"; };
		7271777027628378007AAC4E /* DailyChallenge.swift */ = {isa = PBXFileReference; lastKnownFileType = sourcecode.swift; path = DailyChallenge.swift; sourceTree = "<group>"; };
		727647D72762080E004EB186 /* AR-pictionary.app */ = {isa = PBXFileReference; explicitFileType = wrapper.application; includeInIndex = 0; path = "AR-pictionary.app"; sourceTree = BUILT_PRODUCTS_DIR; };
		727647DA2762080E004EB186 /* AR_pictionaryApp.swift */ = {isa = PBXFileReference; lastKnownFileType = sourcecode.swift; path = AR_pictionaryApp.swift; sourceTree = "<group>"; };
		727647DC2762080E004EB186 /* ContentView.swift */ = {isa = PBXFileReference; lastKnownFileType = sourcecode.swift; path = ContentView.swift; sourceTree = "<group>"; };
		727647DE27620810004EB186 /* Assets.xcassets */ = {isa = PBXFileReference; lastKnownFileType = folder.assetcatalog; path = Assets.xcassets; sourceTree = "<group>"; };
		727647E127620810004EB186 /* Preview Assets.xcassets */ = {isa = PBXFileReference; lastKnownFileType = folder.assetcatalog; path = "Preview Assets.xcassets"; sourceTree = "<group>"; };
		727647E927620B2F004EB186 /* NexaLight.otf */ = {isa = PBXFileReference; lastKnownFileType = file; path = NexaLight.otf; sourceTree = "<group>"; };
		727647EA27620B2F004EB186 /* NexaBold.otf */ = {isa = PBXFileReference; lastKnownFileType = file; path = NexaBold.otf; sourceTree = "<group>"; };
		727647EB27620B2F004EB186 /* NexaXBold.otf */ = {isa = PBXFileReference; lastKnownFileType = file; path = NexaXBold.otf; sourceTree = "<group>"; };
		727647EC27620B2F004EB186 /* NexaBlack.otf */ = {isa = PBXFileReference; lastKnownFileType = file; path = NexaBlack.otf; sourceTree = "<group>"; };
		727647ED27620B2F004EB186 /* NexaBook.otf */ = {isa = PBXFileReference; lastKnownFileType = file; path = NexaBook.otf; sourceTree = "<group>"; };
		727647EE27620B2F004EB186 /* NexaRegular.otf */ = {isa = PBXFileReference; lastKnownFileType = file; path = NexaRegular.otf; sourceTree = "<group>"; };
		727647EF27620B2F004EB186 /* NexaThin.otf */ = {isa = PBXFileReference; lastKnownFileType = file; path = NexaThin.otf; sourceTree = "<group>"; };
		727647F027620CCC004EB186 /* Info.plist */ = {isa = PBXFileReference; lastKnownFileType = text.plist; path = Info.plist; sourceTree = "<group>"; };
		727647F2276231C7004EB186 /* HomePage.swift */ = {isa = PBXFileReference; lastKnownFileType = sourcecode.swift; path = HomePage.swift; sourceTree = "<group>"; };
		727647F427623360004EB186 /* PowerupPage.swift */ = {isa = PBXFileReference; lastKnownFileType = sourcecode.swift; path = PowerupPage.swift; sourceTree = "<group>"; };
		727647F6276233C1004EB186 /* AccountPage.swift */ = {isa = PBXFileReference; lastKnownFileType = sourcecode.swift; path = AccountPage.swift; sourceTree = "<group>"; };
		72D0A62E276665AD00301544 /* CText.swift */ = {isa = PBXFileReference; lastKnownFileType = sourcecode.swift; path = CText.swift; sourceTree = "<group>"; };
		72D0A63027666CD000301544 /* BackgroundGradient.swift */ = {isa = PBXFileReference; lastKnownFileType = sourcecode.swift; path = BackgroundGradient.swift; sourceTree = "<group>"; };
		72D0A63227666E4F00301544 /* PowerupBuyCard.swift */ = {isa = PBXFileReference; lastKnownFileType = sourcecode.swift; path = PowerupBuyCard.swift; sourceTree = "<group>"; };
		72D0A63527668F7700301544 /* Powerup.swift */ = {isa = PBXFileReference; lastKnownFileType = sourcecode.swift; path = Powerup.swift; sourceTree = "<group>"; };
/* End PBXFileReference section */

/* Begin PBXFrameworksBuildPhase section */
		727647D42762080E004EB186 /* Frameworks */ = {
			isa = PBXFrameworksBuildPhase;
			buildActionMask = 2147483647;
			files = (
			);
			runOnlyForDeploymentPostprocessing = 0;
		};
/* End PBXFrameworksBuildPhase section */

/* Begin PBXGroup section */
		7271776D276266FE007AAC4E /* components */ = {
			isa = PBXGroup;
			children = (
				7271776E27626718007AAC4E /* PageHeader.swift */,
				72D0A63227666E4F00301544 /* PowerupBuyCard.swift */,
				72576E0A276A24F100DDFD4A /* CButton.swift */,
			);
			path = components;
			sourceTree = "<group>";
		};
		727647CE2762080E004EB186 = {
			isa = PBXGroup;
			children = (
				727647D92762080E004EB186 /* AR-pictionary */,
				727647D82762080E004EB186 /* Products */,
			);
			sourceTree = "<group>";
		};
		727647D82762080E004EB186 /* Products */ = {
			isa = PBXGroup;
			children = (
				727647D72762080E004EB186 /* AR-pictionary.app */,
			);
			name = Products;
			sourceTree = "<group>";
		};
		727647D92762080E004EB186 /* AR-pictionary */ = {
			isa = PBXGroup;
			children = (
				72D0A63427668F6700301544 /* models */,
				72D0A62D2766657700301544 /* styling */,
				7271776D276266FE007AAC4E /* components */,
				727647F1276231B2004EB186 /* pages */,
				727647F027620CCC004EB186 /* Info.plist */,
				727647E827620ADC004EB186 /* fonts */,
				727647DA2762080E004EB186 /* AR_pictionaryApp.swift */,
				727647DC2762080E004EB186 /* ContentView.swift */,
				727647DE27620810004EB186 /* Assets.xcassets */,
				727647E027620810004EB186 /* Preview Content */,
			);
			path = "AR-pictionary";
			sourceTree = "<group>";
		};
		727647E027620810004EB186 /* Preview Content */ = {
			isa = PBXGroup;
			children = (
				727647E127620810004EB186 /* Preview Assets.xcassets */,
			);
			path = "Preview Content";
			sourceTree = "<group>";
		};
		727647E827620ADC004EB186 /* fonts */ = {
			isa = PBXGroup;
			children = (
				727647EC27620B2F004EB186 /* NexaBlack.otf */,
				727647EA27620B2F004EB186 /* NexaBold.otf */,
				727647ED27620B2F004EB186 /* NexaBook.otf */,
				727647E927620B2F004EB186 /* NexaLight.otf */,
				727647EE27620B2F004EB186 /* NexaRegular.otf */,
				727647EF27620B2F004EB186 /* NexaThin.otf */,
				727647EB27620B2F004EB186 /* NexaXBold.otf */,
			);
			path = fonts;
			sourceTree = "<group>";
		};
		727647F1276231B2004EB186 /* pages */ = {
			isa = PBXGroup;
			children = (
				727647F2276231C7004EB186 /* HomePage.swift */,
				727647F427623360004EB186 /* PowerupPage.swift */,
				727647F6276233C1004EB186 /* AccountPage.swift */,
				72576E06276A17E200DDFD4A /* GamePage.swift */,
			);
			path = pages;
			sourceTree = "<group>";
		};
		72D0A62D2766657700301544 /* styling */ = {
			isa = PBXGroup;
			children = (
				72D0A62E276665AD00301544 /* CText.swift */,
				72D0A63027666CD000301544 /* BackgroundGradient.swift */,
			);
			path = styling;
			sourceTree = "<group>";
		};
		72D0A63427668F6700301544 /* models */ = {
			isa = PBXGroup;
			children = (
				7271777027628378007AAC4E /* DailyChallenge.swift */,
				72D0A63527668F7700301544 /* Powerup.swift */,
				72576E042768D9AE00DDFD4A /* User.swift */,
				72576E08276A194F00DDFD4A /* GameConfig.swift */,
			);
			path = models;
			sourceTree = "<group>";
		};
/* End PBXGroup section */

/* Begin PBXNativeTarget section */
		727647D62762080E004EB186 /* AR-pictionary */ = {
			isa = PBXNativeTarget;
			buildConfigurationList = 727647E527620810004EB186 /* Build configuration list for PBXNativeTarget "AR-pictionary" */;
			buildPhases = (
				727647D32762080E004EB186 /* Sources */,
				727647D42762080E004EB186 /* Frameworks */,
				727647D52762080E004EB186 /* Resources */,
			);
			buildRules = (
			);
			dependencies = (
			);
			name = "AR-pictionary";
			productName = "AR-pictionary";
			productReference = 727647D72762080E004EB186 /* AR-pictionary.app */;
			productType = "com.apple.product-type.application";
		};
/* End PBXNativeTarget section */

/* Begin PBXProject section */
		727647CF2762080E004EB186 /* Project object */ = {
			isa = PBXProject;
			attributes = {
				BuildIndependentTargetsInParallel = 1;
				LastSwiftUpdateCheck = 1300;
				LastUpgradeCheck = 1300;
				TargetAttributes = {
					727647D62762080E004EB186 = {
						CreatedOnToolsVersion = 13.0;
					};
				};
			};
			buildConfigurationList = 727647D22762080E004EB186 /* Build configuration list for PBXProject "AR-pictionary" */;
			compatibilityVersion = "Xcode 13.0";
			developmentRegion = en;
			hasScannedForEncodings = 0;
			knownRegions = (
				en,
				Base,
			);
			mainGroup = 727647CE2762080E004EB186;
			productRefGroup = 727647D82762080E004EB186 /* Products */;
			projectDirPath = "";
			projectRoot = "";
			targets = (
				727647D62762080E004EB186 /* AR-pictionary */,
			);
		};
/* End PBXProject section */

/* Begin PBXResourcesBuildPhase section */
		727647D52762080E004EB186 /* Resources */ = {
			isa = PBXResourcesBuildPhase;
			buildActionMask = 2147483647;
			files = (
				720AE7FD276E605200D512F7 /* NexaBlack.otf in Resources */,
				720AE7FE276E605200D512F7 /* NexaBold.otf in Resources */,
				720AE7FF276E605200D512F7 /* NexaBook.otf in Resources */,
				720AE800276E605200D512F7 /* NexaLight.otf in Resources */,
				720AE801276E605200D512F7 /* NexaRegular.otf in Resources */,
				720AE802276E605200D512F7 /* NexaThin.otf in Resources */,
				720AE803276E605200D512F7 /* NexaXBold.otf in Resources */,
				727647E227620810004EB186 /* Preview Assets.xcassets in Resources */,
				727647DF27620810004EB186 /* Assets.xcassets in Resources */,
			);
			runOnlyForDeploymentPostprocessing = 0;
		};
/* End PBXResourcesBuildPhase section */

/* Begin PBXSourcesBuildPhase section */
		727647D32762080E004EB186 /* Sources */ = {
			isa = PBXSourcesBuildPhase;
			buildActionMask = 2147483647;
			files = (
				727647F3276231C7004EB186 /* HomePage.swift in Sources */,
				72D0A63327666E4F00301544 /* PowerupBuyCard.swift in Sources */,
				72576E0B276A24F100DDFD4A /* CButton.swift in Sources */,
				72576E07276A17E200DDFD4A /* GamePage.swift in Sources */,
				727647DD2762080E004EB186 /* ContentView.swift in Sources */,
				72D0A63127666CD000301544 /* BackgroundGradient.swift in Sources */,
				727647DB2762080E004EB186 /* AR_pictionaryApp.swift in Sources */,
				72D0A63627668F7700301544 /* Powerup.swift in Sources */,
				72576E052768D9AE00DDFD4A /* User.swift in Sources */,
				7271776F27626718007AAC4E /* PageHeader.swift in Sources */,
				72576E09276A194F00DDFD4A /* GameConfig.swift in Sources */,
				727647F527623360004EB186 /* PowerupPage.swift in Sources */,
				727647F7276233C1004EB186 /* AccountPage.swift in Sources */,
				7271777127628378007AAC4E /* DailyChallenge.swift in Sources */,
				72D0A62F276665AD00301544 /* CText.swift in Sources */,
			);
			runOnlyForDeploymentPostprocessing = 0;
		};
/* End PBXSourcesBuildPhase section */

/* Begin XCBuildConfiguration section */
		727647E327620810004EB186 /* Debug */ = {
			isa = XCBuildConfiguration;
			buildSettings = {
				ALWAYS_SEARCH_USER_PATHS = NO;
				CLANG_ANALYZER_NONNULL = YES;
				CLANG_ANALYZER_NUMBER_OBJECT_CONVERSION = YES_AGGRESSIVE;
				CLANG_CXX_LANGUAGE_STANDARD = "gnu++17";
				CLANG_CXX_LIBRARY = "libc++";
				CLANG_ENABLE_MODULES = YES;
				CLANG_ENABLE_OBJC_ARC = YES;
				CLANG_ENABLE_OBJC_WEAK = YES;
				CLANG_WARN_BLOCK_CAPTURE_AUTORELEASING = YES;
				CLANG_WARN_BOOL_CONVERSION = YES;
				CLANG_WARN_COMMA = YES;
				CLANG_WARN_CONSTANT_CONVERSION = YES;
				CLANG_WARN_DEPRECATED_OBJC_IMPLEMENTATIONS = YES;
				CLANG_WARN_DIRECT_OBJC_ISA_USAGE = YES_ERROR;
				CLANG_WARN_DOCUMENTATION_COMMENTS = YES;
				CLANG_WARN_EMPTY_BODY = YES;
				CLANG_WARN_ENUM_CONVERSION = YES;
				CLANG_WARN_INFINITE_RECURSION = YES;
				CLANG_WARN_INT_CONVERSION = YES;
				CLANG_WARN_NON_LITERAL_NULL_CONVERSION = YES;
				CLANG_WARN_OBJC_IMPLICIT_RETAIN_SELF = YES;
				CLANG_WARN_OBJC_LITERAL_CONVERSION = YES;
				CLANG_WARN_OBJC_ROOT_CLASS = YES_ERROR;
				CLANG_WARN_QUOTED_INCLUDE_IN_FRAMEWORK_HEADER = YES;
				CLANG_WARN_RANGE_LOOP_ANALYSIS = YES;
				CLANG_WARN_STRICT_PROTOTYPES = YES;
				CLANG_WARN_SUSPICIOUS_MOVE = YES;
				CLANG_WARN_UNGUARDED_AVAILABILITY = YES_AGGRESSIVE;
				CLANG_WARN_UNREACHABLE_CODE = YES;
				CLANG_WARN__DUPLICATE_METHOD_MATCH = YES;
				COPY_PHASE_STRIP = NO;
				DEBUG_INFORMATION_FORMAT = dwarf;
				ENABLE_STRICT_OBJC_MSGSEND = YES;
				ENABLE_TESTABILITY = YES;
				GCC_C_LANGUAGE_STANDARD = gnu11;
				GCC_DYNAMIC_NO_PIC = NO;
				GCC_NO_COMMON_BLOCKS = YES;
				GCC_OPTIMIZATION_LEVEL = 0;
				GCC_PREPROCESSOR_DEFINITIONS = (
					"DEBUG=1",
					"$(inherited)",
				);
				GCC_WARN_64_TO_32_BIT_CONVERSION = YES;
				GCC_WARN_ABOUT_RETURN_TYPE = YES_ERROR;
				GCC_WARN_UNDECLARED_SELECTOR = YES;
				GCC_WARN_UNINITIALIZED_AUTOS = YES_AGGRESSIVE;
				GCC_WARN_UNUSED_FUNCTION = YES;
				GCC_WARN_UNUSED_VARIABLE = YES;
				IPHONEOS_DEPLOYMENT_TARGET = 15.0;
				MTL_ENABLE_DEBUG_INFO = INCLUDE_SOURCE;
				MTL_FAST_MATH = YES;
				ONLY_ACTIVE_ARCH = YES;
				SDKROOT = iphoneos;
				SWIFT_ACTIVE_COMPILATION_CONDITIONS = DEBUG;
				SWIFT_OPTIMIZATION_LEVEL = "-Onone";
			};
			name = Debug;
		};
		727647E427620810004EB186 /* Release */ = {
			isa = XCBuildConfiguration;
			buildSettings = {
				ALWAYS_SEARCH_USER_PATHS = NO;
				CLANG_ANALYZER_NONNULL = YES;
				CLANG_ANALYZER_NUMBER_OBJECT_CONVERSION = YES_AGGRESSIVE;
				CLANG_CXX_LANGUAGE_STANDARD = "gnu++17";
				CLANG_CXX_LIBRARY = "libc++";
				CLANG_ENABLE_MODULES = YES;
				CLANG_ENABLE_OBJC_ARC = YES;
				CLANG_ENABLE_OBJC_WEAK = YES;
				CLANG_WARN_BLOCK_CAPTURE_AUTORELEASING = YES;
				CLANG_WARN_BOOL_CONVERSION = YES;
				CLANG_WARN_COMMA = YES;
				CLANG_WARN_CONSTANT_CONVERSION = YES;
				CLANG_WARN_DEPRECATED_OBJC_IMPLEMENTATIONS = YES;
				CLANG_WARN_DIRECT_OBJC_ISA_USAGE = YES_ERROR;
				CLANG_WARN_DOCUMENTATION_COMMENTS = YES;
				CLANG_WARN_EMPTY_BODY = YES;
				CLANG_WARN_ENUM_CONVERSION = YES;
				CLANG_WARN_INFINITE_RECURSION = YES;
				CLANG_WARN_INT_CONVERSION = YES;
				CLANG_WARN_NON_LITERAL_NULL_CONVERSION = YES;
				CLANG_WARN_OBJC_IMPLICIT_RETAIN_SELF = YES;
				CLANG_WARN_OBJC_LITERAL_CONVERSION = YES;
				CLANG_WARN_OBJC_ROOT_CLASS = YES_ERROR;
				CLANG_WARN_QUOTED_INCLUDE_IN_FRAMEWORK_HEADER = YES;
				CLANG_WARN_RANGE_LOOP_ANALYSIS = YES;
				CLANG_WARN_STRICT_PROTOTYPES = YES;
				CLANG_WARN_SUSPICIOUS_MOVE = YES;
				CLANG_WARN_UNGUARDED_AVAILABILITY = YES_AGGRESSIVE;
				CLANG_WARN_UNREACHABLE_CODE = YES;
				CLANG_WARN__DUPLICATE_METHOD_MATCH = YES;
				COPY_PHASE_STRIP = NO;
				DEBUG_INFORMATION_FORMAT = "dwarf-with-dsym";
				ENABLE_NS_ASSERTIONS = NO;
				ENABLE_STRICT_OBJC_MSGSEND = YES;
				GCC_C_LANGUAGE_STANDARD = gnu11;
				GCC_NO_COMMON_BLOCKS = YES;
				GCC_WARN_64_TO_32_BIT_CONVERSION = YES;
				GCC_WARN_ABOUT_RETURN_TYPE = YES_ERROR;
				GCC_WARN_UNDECLARED_SELECTOR = YES;
				GCC_WARN_UNINITIALIZED_AUTOS = YES_AGGRESSIVE;
				GCC_WARN_UNUSED_FUNCTION = YES;
				GCC_WARN_UNUSED_VARIABLE = YES;
				IPHONEOS_DEPLOYMENT_TARGET = 15.0;
				MTL_ENABLE_DEBUG_INFO = NO;
				MTL_FAST_MATH = YES;
				SDKROOT = iphoneos;
				SWIFT_COMPILATION_MODE = wholemodule;
				SWIFT_OPTIMIZATION_LEVEL = "-O";
				VALIDATE_PRODUCT = YES;
			};
			name = Release;
		};
		727647E627620810004EB186 /* Debug */ = {
			isa = XCBuildConfiguration;
			buildSettings = {
				ASSETCATALOG_COMPILER_APPICON_NAME = AppIcon;
				ASSETCATALOG_COMPILER_GLOBAL_ACCENT_COLOR_NAME = AccentColor;
				CODE_SIGN_STYLE = Manual;
				CURRENT_PROJECT_VERSION = 1;
				DEVELOPMENT_ASSET_PATHS = "AR-pictionary/Preview\\ Content AR-pictionary/Assets.xcassets AR-pictionary/fonts";
				DEVELOPMENT_TEAM = "";
				ENABLE_PREVIEWS = YES;
				GENERATE_INFOPLIST_FILE = YES;
				INFOPLIST_FILE = "AR-pictionary/Info.plist";
				INFOPLIST_KEY_UIApplicationSceneManifest_Generation = YES;
				INFOPLIST_KEY_UIApplicationSupportsIndirectInputEvents = YES;
				INFOPLIST_KEY_UILaunchScreen_Generation = YES;
				INFOPLIST_KEY_UISupportedInterfaceOrientations_iPad = "UIInterfaceOrientationPortrait UIInterfaceOrientationPortraitUpsideDown UIInterfaceOrientationLandscapeLeft UIInterfaceOrientationLandscapeRight";
				INFOPLIST_KEY_UISupportedInterfaceOrientations_iPhone = "UIInterfaceOrientationPortrait UIInterfaceOrientationLandscapeLeft UIInterfaceOrientationLandscapeRight";
				IPHONEOS_DEPLOYMENT_TARGET = 14.0;
				LD_RUNPATH_SEARCH_PATHS = (
					"$(inherited)",
					"@executable_path/Frameworks",
				);
				MARKETING_VERSION = 1.0;
				PRODUCT_BUNDLE_IDENTIFIER = "AR-pictionary.AR-pictionary";
				PRODUCT_NAME = "$(TARGET_NAME)";
				PROVISIONING_PROFILE_SPECIFIER = "";
				SWIFT_EMIT_LOC_STRINGS = YES;
				SWIFT_VERSION = 5.0;
				TARGETED_DEVICE_FAMILY = "1,2";
			};
			name = Debug;
		};
		727647E727620810004EB186 /* Release */ = {
			isa = XCBuildConfiguration;
			buildSettings = {
				ASSETCATALOG_COMPILER_APPICON_NAME = AppIcon;
				ASSETCATALOG_COMPILER_GLOBAL_ACCENT_COLOR_NAME = AccentColor;
				CODE_SIGN_STYLE = Manual;
				CURRENT_PROJECT_VERSION = 1;
				DEVELOPMENT_ASSET_PATHS = "AR-pictionary/Preview\\ Content AR-pictionary/Assets.xcassets AR-pictionary/fonts";
				DEVELOPMENT_TEAM = "";
				ENABLE_PREVIEWS = YES;
				GENERATE_INFOPLIST_FILE = YES;
				INFOPLIST_FILE = "AR-pictionary/Info.plist";
				INFOPLIST_KEY_UIApplicationSceneManifest_Generation = YES;
				INFOPLIST_KEY_UIApplicationSupportsIndirectInputEvents = YES;
				INFOPLIST_KEY_UILaunchScreen_Generation = YES;
				INFOPLIST_KEY_UISupportedInterfaceOrientations_iPad = "UIInterfaceOrientationPortrait UIInterfaceOrientationPortraitUpsideDown UIInterfaceOrientationLandscapeLeft UIInterfaceOrientationLandscapeRight";
				INFOPLIST_KEY_UISupportedInterfaceOrientations_iPhone = "UIInterfaceOrientationPortrait UIInterfaceOrientationLandscapeLeft UIInterfaceOrientationLandscapeRight";
				IPHONEOS_DEPLOYMENT_TARGET = 14.0;
				LD_RUNPATH_SEARCH_PATHS = (
					"$(inherited)",
					"@executable_path/Frameworks",
				);
				MARKETING_VERSION = 1.0;
				PRODUCT_BUNDLE_IDENTIFIER = "AR-pictionary.AR-pictionary";
				PRODUCT_NAME = "$(TARGET_NAME)";
				PROVISIONING_PROFILE_SPECIFIER = "";
				SWIFT_EMIT_LOC_STRINGS = YES;
				SWIFT_VERSION = 5.0;
				TARGETED_DEVICE_FAMILY = "1,2";
			};
			name = Release;
		};
/* End XCBuildConfiguration section */

/* Begin XCConfigurationList section */
		727647D22762080E004EB186 /* Build configuration list for PBXProject "AR-pictionary" */ = {
			isa = XCConfigurationList;
			buildConfigurations = (
				727647E327620810004EB186 /* Debug */,
				727647E427620810004EB186 /* Release */,
			);
			defaultConfigurationIsVisible = 0;
			defaultConfigurationName = Release;
		};
		727647E527620810004EB186 /* Build configuration list for PBXNativeTarget "AR-pictionary" */ = {
			isa = XCConfigurationList;
			buildConfigurations = (
				727647E627620810004EB186 /* Debug */,
				727647E727620810004EB186 /* Release */,
			);
			defaultConfigurationIsVisible = 0;
			defaultConfigurationName = Release;
		};
/* End XCConfigurationList section */
	};
	rootObject = 727647CF2762080E004EB186 /* Project object */;
}
